
Microsoft Visual Studio Solution File, Format Version 12.00
# Visual Studio 15
VisualStudioVersion = 15.0.27428.2015
MinimumVisualStudioVersion = 10.0.40219.1
Project("{FAE04EC0-301F-11D3-BF4B-00C04F79EFBC}") = "OddSum", "OddSum\OddSum.csproj", "{F5756B58-70B6-4431-9982-E5EEFBDBF6D5}"
EndProject
Project("{FAE04EC0-301F-11D3-BF4B-00C04F79EFBC}") = "Fraction", "Fraction\Fraction.csproj", "{C95C6D67-0637-466D-85AC-B46DF9D2E49B}"
EndProject
Project("{FAE04EC0-301F-11D3-BF4B-00C04F79EFBC}") = "Complex", "Complex\Complex.csproj", "{DABC5285-1FC5-4EBD-83E3-32ADFD29CBE5}"
EndProject
Global
	GlobalSection(SolutionConfigurationPlatforms) = preSolution
		Debug|Any CPU = Debug|Any CPU
		Release|Any CPU = Release|Any CPU
	EndGlobalSection
	GlobalSection(ProjectConfigurationPlatforms) = postSolution
		{F5756B58-70B6-4431-9982-E5EEFBDBF6D5}.Debug|Any CPU.ActiveCfg = Debug|Any CPU
		{F5756B58-70B6-4431-9982-E5EEFBDBF6D5}.Debug|Any CPU.Build.0 = Debug|Any CPU
		{F5756B58-70B6-4431-9982-E5EEFBDBF6D5}.Release|Any CPU.ActiveCfg = Release|Any CPU
		{F5756B58-70B6-4431-9982-E5EEFBDBF6D5}.Release|Any CPU.Build.0 = Release|Any CPU
		{C95C6D67-0637-466D-85AC-B46DF9D2E49B}.Debug|Any CPU.ActiveCfg = Debug|Any CPU
		{C95C6D67-0637-466D-85AC-B46DF9D2E49B}.Debug|Any CPU.Build.0 = Debug|Any CPU
		{C95C6D67-0637-466D-85AC-B46DF9D2E49B}.Release|Any CPU.ActiveCfg = Release|Any CPU
		{C95C6D67-0637-466D-85AC-B46DF9D2E49B}.Release|Any CPU.Build.0 = Release|Any CPU
		{DABC5285-1FC5-4EBD-83E3-32ADFD29CBE5}.Debug|Any CPU.ActiveCfg = Debug|Any CPU
		{DABC5285-1FC5-4EBD-83E3-32ADFD29CBE5}.Debug|Any CPU.Build.0 = Debug|Any CPU
		{DABC5285-1FC5-4EBD-83E3-32ADFD29CBE5}.Release|Any CPU.ActiveCfg = Release|Any CPU
		{DABC5285-1FC5-4EBD-83E3-32ADFD29CBE5}.Release|Any CPU.Build.0 = Release|Any CPU
	EndGlobalSection
	GlobalSection(SolutionProperties) = preSolution
		HideSolutionNode = FALSE
	EndGlobalSection
	GlobalSection(ExtensibilityGlobals) = postSolution
		SolutionGuid = {4956D657-6C80-4727-A9BE-C297101218D2}
	EndGlobalSection
EndGlobal
